{
  "version": 4,
  "terraform_version": "1.0.11",
  "serial": 3,
  "lineage": "fb91728d-243f-7066-1c68-3a9a53c7bf9f",
  "outputs": {},
  "resources": [
    {
      "mode": "managed",
      "type": "aws_sqs_queue",
      "name": "studentqueue",
      "provider": "provider[\"registry.terraform.io/hashicorp/aws\"]",
      "instances": [
        {
          "schema_version": 0,
          "attributes": {
            "arn": "arn:aws:sqs:eu-central-1:000000000000:studentqueue",
            "content_based_deduplication": false,
            "deduplication_scope": "",
            "delay_seconds": 0,
            "fifo_queue": false,
            "fifo_throughput_limit": "",
            "id": "http://localhost:4566/000000000000/studentqueue",
            "kms_data_key_reuse_period_seconds": 300,
            "kms_master_key_id": "",
            "max_message_size": 262144,
            "message_retention_seconds": 86400,
            "name": "studentqueue",
            "name_prefix": "",
            "policy": "",
            "receive_wait_time_seconds": 0,
            "redrive_allow_policy": "",
            "redrive_policy": "",
            "sqs_managed_sse_enabled": false,
            "tags": null,
            "tags_all": {},
            "url": "http://localhost:4566/000000000000/studentqueue",
            "visibility_timeout_seconds": 30
          },
          "sensitive_attributes": [],
          "private": "bnVsbA=="
        }
      ]
    }
  ]
}
